// !$*UTF8*$!
{
	archiveVersion = 1;
	classes = {
	};
	objectVersion = 56;
	objects = {

/* Begin PBXBuildFile section */
		B113DA6F2BAFF53C007941C1 /* ImagePickerView.swift in Sources */ = {isa = PBXBuildFile; fileRef = B113DA6E2BAFF53C007941C1 /* ImagePickerView.swift */; };
		B113DA712BB1DE73007941C1 /* StorageModel.swift in Sources */ = {isa = PBXBuildFile; fileRef = B113DA702BB1DE73007941C1 /* StorageModel.swift */; };
		B113DA732BB22E2B007941C1 /* ImageFeedView.swift in Sources */ = {isa = PBXBuildFile; fileRef = B113DA722BB22E2B007941C1 /* ImageFeedView.swift */; };
		B1DC396B2B9FB07B002106EB /* upgraded_couscousApp.swift in Sources */ = {isa = PBXBuildFile; fileRef = B1DC396A2B9FB07B002106EB /* upgraded_couscousApp.swift */; };
		B1DC396D2B9FB07B002106EB /* ContentView.swift in Sources */ = {isa = PBXBuildFile; fileRef = B1DC396C2B9FB07B002106EB /* ContentView.swift */; };
		B1DC396F2B9FB07B002106EB /* Assets.xcassets in Resources */ = {isa = PBXBuildFile; fileRef = B1DC396E2B9FB07B002106EB /* Assets.xcassets */; };
		B1DC39722B9FB07B002106EB /* Preview Assets.xcassets in Resources */ = {isa = PBXBuildFile; fileRef = B1DC39712B9FB07B002106EB /* Preview Assets.xcassets */; };
		B1DC397C2B9FB284002106EB /* LoginView.swift in Sources */ = {isa = PBXBuildFile; fileRef = B1DC397B2B9FB284002106EB /* LoginView.swift */; };
		B1DC397E2B9FB28A002106EB /* RegistrationView.swift in Sources */ = {isa = PBXBuildFile; fileRef = B1DC397D2B9FB28A002106EB /* RegistrationView.swift */; };
		B1DC39802B9FB2A7002106EB /* ProfileView.swift in Sources */ = {isa = PBXBuildFile; fileRef = B1DC397F2B9FB2A7002106EB /* ProfileView.swift */; };
		B1DC39852B9FB2F1002106EB /* AuthModel.swift in Sources */ = {isa = PBXBuildFile; fileRef = B1DC39842B9FB2F1002106EB /* AuthModel.swift */; };
		B1DC39872B9FB3D4002106EB /* GoogleService-Info.plist in Resources */ = {isa = PBXBuildFile; fileRef = B1DC39862B9FB3D4002106EB /* GoogleService-Info.plist */; };
		B1DC398A2B9FB4BA002106EB /* FirebaseAuth in Frameworks */ = {isa = PBXBuildFile; productRef = B1DC39892B9FB4BA002106EB /* FirebaseAuth */; };
		B1DC398C2B9FB4BA002106EB /* FirebaseFirestore in Frameworks */ = {isa = PBXBuildFile; productRef = B1DC398B2B9FB4BA002106EB /* FirebaseFirestore */; };
		B1DC398E2B9FB4BA002106EB /* FirebaseStorage in Frameworks */ = {isa = PBXBuildFile; productRef = B1DC398D2B9FB4BA002106EB /* FirebaseStorage */; };
		B1DC39952BA5154E002106EB /* MessageModel.swift in Sources */ = {isa = PBXBuildFile; fileRef = B1DC39942BA5154E002106EB /* MessageModel.swift */; };
		B1DC399A2BA53CC8002106EB /* ChatView.swift in Sources */ = {isa = PBXBuildFile; fileRef = B1DC39992BA53CC8002106EB /* ChatView.swift */; };
/* End PBXBuildFile section */

/* Begin PBXFileReference section */
		B113DA6E2BAFF53C007941C1 /* ImagePickerView.swift */ = {isa = PBXFileReference; lastKnownFileType = sourcecode.swift; path = ImagePickerView.swift; sourceTree = "<group>"; };
		B113DA702BB1DE73007941C1 /* StorageModel.swift */ = {isa = PBXFileReference; lastKnownFileType = sourcecode.swift; path = StorageModel.swift; sourceTree = "<group>"; };
		B113DA722BB22E2B007941C1 /* ImageFeedView.swift */ = {isa = PBXFileReference; lastKnownFileType = sourcecode.swift; path = ImageFeedView.swift; sourceTree = "<group>"; };
		B1DC39672B9FB07B002106EB /* upgraded-couscous.app */ = {isa = PBXFileReference; explicitFileType = wrapper.application; includeInIndex = 0; path = "upgraded-couscous.app"; sourceTree = BUILT_PRODUCTS_DIR; };
		B1DC396A2B9FB07B002106EB /* upgraded_couscousApp.swift */ = {isa = PBXFileReference; lastKnownFileType = sourcecode.swift; path = upgraded_couscousApp.swift; sourceTree = "<group>"; };
		B1DC396C2B9FB07B002106EB /* ContentView.swift */ = {isa = PBXFileReference; lastKnownFileType = sourcecode.swift; path = ContentView.swift; sourceTree = "<group>"; };
		B1DC396E2B9FB07B002106EB /* Assets.xcassets */ = {isa = PBXFileReference; lastKnownFileType = folder.assetcatalog; path = Assets.xcassets; sourceTree = "<group>"; };
		B1DC39712B9FB07B002106EB /* Preview Assets.xcassets */ = {isa = PBXFileReference; lastKnownFileType = folder.assetcatalog; path = "Preview Assets.xcassets"; sourceTree = "<group>"; };
		B1DC397B2B9FB284002106EB /* LoginView.swift */ = {isa = PBXFileReference; lastKnownFileType = sourcecode.swift; path = LoginView.swift; sourceTree = "<group>"; };
		B1DC397D2B9FB28A002106EB /* RegistrationView.swift */ = {isa = PBXFileReference; lastKnownFileType = sourcecode.swift; path = RegistrationView.swift; sourceTree = "<group>"; };
		B1DC397F2B9FB2A7002106EB /* ProfileView.swift */ = {isa = PBXFileReference; lastKnownFileType = sourcecode.swift; path = ProfileView.swift; sourceTree = "<group>"; };
		B1DC39842B9FB2F1002106EB /* AuthModel.swift */ = {isa = PBXFileReference; lastKnownFileType = sourcecode.swift; path = AuthModel.swift; sourceTree = "<group>"; };
		B1DC39862B9FB3D4002106EB /* GoogleService-Info.plist */ = {isa = PBXFileReference; fileEncoding = 4; lastKnownFileType = text.plist.xml; path = "GoogleService-Info.plist"; sourceTree = "<group>"; };
		B1DC39942BA5154E002106EB /* MessageModel.swift */ = {isa = PBXFileReference; lastKnownFileType = sourcecode.swift; path = MessageModel.swift; sourceTree = "<group>"; };
		B1DC39992BA53CC8002106EB /* ChatView.swift */ = {isa = PBXFileReference; lastKnownFileType = sourcecode.swift; path = ChatView.swift; sourceTree = "<group>"; };
/* End PBXFileReference section */

/* Begin PBXFrameworksBuildPhase section */
		B1DC39642B9FB07B002106EB /* Frameworks */ = {
			isa = PBXFrameworksBuildPhase;
			buildActionMask = 2147483647;
			files = (
				B1DC398A2B9FB4BA002106EB /* FirebaseAuth in Frameworks */,
				B1DC398C2B9FB4BA002106EB /* FirebaseFirestore in Frameworks */,
				B1DC398E2B9FB4BA002106EB /* FirebaseStorage in Frameworks */,
			);
			runOnlyForDeploymentPostprocessing = 0;
		};
/* End PBXFrameworksBuildPhase section */

/* Begin PBXGroup section */
		B1DC395E2B9FB07B002106EB = {
			isa = PBXGroup;
			children = (
				B1DC39692B9FB07B002106EB /* upgraded-couscous */,
				B1DC39682B9FB07B002106EB /* Products */,
			);
			sourceTree = "<group>";
		};
		B1DC39682B9FB07B002106EB /* Products */ = {
			isa = PBXGroup;
			children = (
				B1DC39672B9FB07B002106EB /* upgraded-couscous.app */,
			);
			name = Products;
			sourceTree = "<group>";
		};
		B1DC39692B9FB07B002106EB /* upgraded-couscous */ = {
			isa = PBXGroup;
			children = (
				B1DC39862B9FB3D4002106EB /* GoogleService-Info.plist */,
				B1DC396A2B9FB07B002106EB /* upgraded_couscousApp.swift */,
				B1DC396C2B9FB07B002106EB /* ContentView.swift */,
				B1DC39932BA51512002106EB /* Scheduling */,
				B1DC397A2B9FB26A002106EB /* Ordering */,
				B1DC39792B9FB25F002106EB /* Social */,
				B1DC39782B9FB257002106EB /* Auth */,
				B1DC396E2B9FB07B002106EB /* Assets.xcassets */,
				B1DC39702B9FB07B002106EB /* Preview Content */,
			);
			path = "upgraded-couscous";
			sourceTree = "<group>";
		};
		B1DC39702B9FB07B002106EB /* Preview Content */ = {
			isa = PBXGroup;
			children = (
				B1DC39712B9FB07B002106EB /* Preview Assets.xcassets */,
			);
			path = "Preview Content";
			sourceTree = "<group>";
		};
		B1DC39782B9FB257002106EB /* Auth */ = {
			isa = PBXGroup;
			children = (
				B1DC39812B9FB2C4002106EB /* Models */,
				B1DC397B2B9FB284002106EB /* LoginView.swift */,
				B1DC397D2B9FB28A002106EB /* RegistrationView.swift */,
				B1DC397F2B9FB2A7002106EB /* ProfileView.swift */,
			);
			path = Auth;
			sourceTree = "<group>";
		};
		B1DC39792B9FB25F002106EB /* Social */ = {
			isa = PBXGroup;
			children = (
				B1DC39982BA53BE8002106EB /* Models */,
				B1DC39992BA53CC8002106EB /* ChatView.swift */,
				B113DA6E2BAFF53C007941C1 /* ImagePickerView.swift */,
				B113DA722BB22E2B007941C1 /* ImageFeedView.swift */,
			);
			path = Social;
			sourceTree = "<group>";
		};
		B1DC397A2B9FB26A002106EB /* Ordering */ = {
			isa = PBXGroup;
			children = (
			);
			path = Ordering;
			sourceTree = "<group>";
		};
		B1DC39812B9FB2C4002106EB /* Models */ = {
			isa = PBXGroup;
			children = (
				B1DC39842B9FB2F1002106EB /* AuthModel.swift */,
			);
			path = Models;
			sourceTree = "<group>";
		};
		B1DC39932BA51512002106EB /* Scheduling */ = {
			isa = PBXGroup;
			children = (
			);
			path = Scheduling;
			sourceTree = "<group>";
		};
		B1DC39982BA53BE8002106EB /* Models */ = {
			isa = PBXGroup;
			children = (
				B1DC39942BA5154E002106EB /* MessageModel.swift */,
				B113DA702BB1DE73007941C1 /* StorageModel.swift */,
			);
			path = Models;
			sourceTree = "<group>";
		};
/* End PBXGroup section */

/* Begin PBXNativeTarget section */
		B1DC39662B9FB07B002106EB /* upgraded-couscous */ = {
			isa = PBXNativeTarget;
			buildConfigurationList = B1DC39752B9FB07B002106EB /* Build configuration list for PBXNativeTarget "upgraded-couscous" */;
			buildPhases = (
				B1DC39632B9FB07B002106EB /* Sources */,
				B1DC39642B9FB07B002106EB /* Frameworks */,
				B1DC39652B9FB07B002106EB /* Resources */,
			);
			buildRules = (
			);
			dependencies = (
			);
			name = "upgraded-couscous";
			packageProductDependencies = (
				B1DC39892B9FB4BA002106EB /* FirebaseAuth */,
				B1DC398B2B9FB4BA002106EB /* FirebaseFirestore */,
				B1DC398D2B9FB4BA002106EB /* FirebaseStorage */,
			);
			productName = "upgraded-couscous";
			productReference = B1DC39672B9FB07B002106EB /* upgraded-couscous.app */;
			productType = "com.apple.product-type.application";
		};
/* End PBXNativeTarget section */

/* Begin PBXProject section */
		B1DC395F2B9FB07B002106EB /* Project object */ = {
			isa = PBXProject;
			attributes = {
				BuildIndependentTargetsInParallel = 1;
				LastSwiftUpdateCheck = 1530;
				LastUpgradeCheck = 1530;
				TargetAttributes = {
					B1DC39662B9FB07B002106EB = {
						CreatedOnToolsVersion = 15.3;
					};
				};
			};
			buildConfigurationList = B1DC39622B9FB07B002106EB /* Build configuration list for PBXProject "upgraded-couscous" */;
			compatibilityVersion = "Xcode 14.0";
			developmentRegion = en;
			hasScannedForEncodings = 0;
			knownRegions = (
				en,
				Base,
			);
			mainGroup = B1DC395E2B9FB07B002106EB;
			packageReferences = (
				B1DC39882B9FB4BA002106EB /* XCRemoteSwiftPackageReference "firebase-ios-sdk" */,
			);
			productRefGroup = B1DC39682B9FB07B002106EB /* Products */;
			projectDirPath = "";
			projectRoot = "";
			targets = (
				B1DC39662B9FB07B002106EB /* upgraded-couscous */,
			);
		};
/* End PBXProject section */

/* Begin PBXResourcesBuildPhase section */
		B1DC39652B9FB07B002106EB /* Resources */ = {
			isa = PBXResourcesBuildPhase;
			buildActionMask = 2147483647;
			files = (
				B1DC39722B9FB07B002106EB /* Preview Assets.xcassets in Resources */,
				B1DC396F2B9FB07B002106EB /* Assets.xcassets in Resources */,
				B1DC39872B9FB3D4002106EB /* GoogleService-Info.plist in Resources */,
			);
			runOnlyForDeploymentPostprocessing = 0;
		};
/* End PBXResourcesBuildPhase section */

/* Begin PBXSourcesBuildPhase section */
		B1DC39632B9FB07B002106EB /* Sources */ = {
			isa = PBXSourcesBuildPhase;
			buildActionMask = 2147483647;
			files = (
				B113DA6F2BAFF53C007941C1 /* ImagePickerView.swift in Sources */,
				B1DC397C2B9FB284002106EB /* LoginView.swift in Sources */,
				B1DC396D2B9FB07B002106EB /* ContentView.swift in Sources */,
				B113DA712BB1DE73007941C1 /* StorageModel.swift in Sources */,
				B1DC399A2BA53CC8002106EB /* ChatView.swift in Sources */,
				B1DC39852B9FB2F1002106EB /* AuthModel.swift in Sources */,
				B1DC39802B9FB2A7002106EB /* ProfileView.swift in Sources */,
				B113DA732BB22E2B007941C1 /* ImageFeedView.swift in Sources */,
				B1DC39952BA5154E002106EB /* MessageModel.swift in Sources */,
				B1DC396B2B9FB07B002106EB /* upgraded_couscousApp.swift in Sources */,
				B1DC397E2B9FB28A002106EB /* RegistrationView.swift in Sources */,
			);
			runOnlyForDeploymentPostprocessing = 0;
		};
/* End PBXSourcesBuildPhase section */

/* Begin XCBuildConfiguration section */
		B1DC39732B9FB07B002106EB /* Debug */ = {
			isa = XCBuildConfiguration;
			buildSettings = {
				ALWAYS_SEARCH_USER_PATHS = NO;
				ASSETCATALOG_COMPILER_GENERATE_SWIFT_ASSET_SYMBOL_EXTENSIONS = YES;
				CLANG_ANALYZER_NONNULL = YES;
				CLANG_ANALYZER_NUMBER_OBJECT_CONVERSION = YES_AGGRESSIVE;
				CLANG_CXX_LANGUAGE_STANDARD = "gnu++20";
				CLANG_ENABLE_MODULES = YES;
				CLANG_ENABLE_OBJC_ARC = YES;
				CLANG_ENABLE_OBJC_WEAK = YES;
				CLANG_WARN_BLOCK_CAPTURE_AUTORELEASING = YES;
				CLANG_WARN_BOOL_CONVERSION = YES;
				CLANG_WARN_COMMA = YES;
				CLANG_WARN_CONSTANT_CONVERSION = YES;
				CLANG_WARN_DEPRECATED_OBJC_IMPLEMENTATIONS = YES;
				CLANG_WARN_DIRECT_OBJC_ISA_USAGE = YES_ERROR;
				CLANG_WARN_DOCUMENTATION_COMMENTS = YES;
				CLANG_WARN_EMPTY_BODY = YES;
				CLANG_WARN_ENUM_CONVERSION = YES;
				CLANG_WARN_INFINITE_RECURSION = YES;
				CLANG_WARN_INT_CONVERSION = YES;
				CLANG_WARN_NON_LITERAL_NULL_CONVERSION = YES;
				CLANG_WARN_OBJC_IMPLICIT_RETAIN_SELF = YES;
				CLANG_WARN_OBJC_LITERAL_CONVERSION = YES;
				CLANG_WARN_OBJC_ROOT_CLASS = YES_ERROR;
				CLANG_WARN_QUOTED_INCLUDE_IN_FRAMEWORK_HEADER = YES;
				CLANG_WARN_RANGE_LOOP_ANALYSIS = YES;
				CLANG_WARN_STRICT_PROTOTYPES = YES;
				CLANG_WARN_SUSPICIOUS_MOVE = YES;
				CLANG_WARN_UNGUARDED_AVAILABILITY = YES_AGGRESSIVE;
				CLANG_WARN_UNREACHABLE_CODE = YES;
				CLANG_WARN__DUPLICATE_METHOD_MATCH = YES;
				COPY_PHASE_STRIP = NO;
				DEBUG_INFORMATION_FORMAT = dwarf;
				ENABLE_STRICT_OBJC_MSGSEND = YES;
				ENABLE_TESTABILITY = YES;
				ENABLE_USER_SCRIPT_SANDBOXING = YES;
				GCC_C_LANGUAGE_STANDARD = gnu17;
				GCC_DYNAMIC_NO_PIC = NO;
				GCC_NO_COMMON_BLOCKS = YES;
				GCC_OPTIMIZATION_LEVEL = 0;
				GCC_PREPROCESSOR_DEFINITIONS = (
					"DEBUG=1",
					"$(inherited)",
				);
				GCC_WARN_64_TO_32_BIT_CONVERSION = YES;
				GCC_WARN_ABOUT_RETURN_TYPE = YES_ERROR;
				GCC_WARN_UNDECLARED_SELECTOR = YES;
				GCC_WARN_UNINITIALIZED_AUTOS = YES_AGGRESSIVE;
				GCC_WARN_UNUSED_FUNCTION = YES;
				GCC_WARN_UNUSED_VARIABLE = YES;
				IPHONEOS_DEPLOYMENT_TARGET = 17.4;
				LOCALIZATION_PREFERS_STRING_CATALOGS = YES;
				MTL_ENABLE_DEBUG_INFO = INCLUDE_SOURCE;
				MTL_FAST_MATH = YES;
				ONLY_ACTIVE_ARCH = YES;
				SDKROOT = iphoneos;
				SWIFT_ACTIVE_COMPILATION_CONDITIONS = "DEBUG $(inherited)";
				SWIFT_OPTIMIZATION_LEVEL = "-Onone";
			};
			name = Debug;
		};
		B1DC39742B9FB07B002106EB /* Release */ = {
			isa = XCBuildConfiguration;
			buildSettings = {
				ALWAYS_SEARCH_USER_PATHS = NO;
				ASSETCATALOG_COMPILER_GENERATE_SWIFT_ASSET_SYMBOL_EXTENSIONS = YES;
				CLANG_ANALYZER_NONNULL = YES;
				CLANG_ANALYZER_NUMBER_OBJECT_CONVERSION = YES_AGGRESSIVE;
				CLANG_CXX_LANGUAGE_STANDARD = "gnu++20";
				CLANG_ENABLE_MODULES = YES;
				CLANG_ENABLE_OBJC_ARC = YES;
				CLANG_ENABLE_OBJC_WEAK = YES;
				CLANG_WARN_BLOCK_CAPTURE_AUTORELEASING = YES;
				CLANG_WARN_BOOL_CONVERSION = YES;
				CLANG_WARN_COMMA = YES;
				CLANG_WARN_CONSTANT_CONVERSION = YES;
				CLANG_WARN_DEPRECATED_OBJC_IMPLEMENTATIONS = YES;
				CLANG_WARN_DIRECT_OBJC_ISA_USAGE = YES_ERROR;
				CLANG_WARN_DOCUMENTATION_COMMENTS = YES;
				CLANG_WARN_EMPTY_BODY = YES;
				CLANG_WARN_ENUM_CONVERSION = YES;
				CLANG_WARN_INFINITE_RECURSION = YES;
				CLANG_WARN_INT_CONVERSION = YES;
				CLANG_WARN_NON_LITERAL_NULL_CONVERSION = YES;
				CLANG_WARN_OBJC_IMPLICIT_RETAIN_SELF = YES;
				CLANG_WARN_OBJC_LITERAL_CONVERSION = YES;
				CLANG_WARN_OBJC_ROOT_CLASS = YES_ERROR;
				CLANG_WARN_QUOTED_INCLUDE_IN_FRAMEWORK_HEADER = YES;
				CLANG_WARN_RANGE_LOOP_ANALYSIS = YES;
				CLANG_WARN_STRICT_PROTOTYPES = YES;
				CLANG_WARN_SUSPICIOUS_MOVE = YES;
				CLANG_WARN_UNGUARDED_AVAILABILITY = YES_AGGRESSIVE;
				CLANG_WARN_UNREACHABLE_CODE = YES;
				CLANG_WARN__DUPLICATE_METHOD_MATCH = YES;
				COPY_PHASE_STRIP = NO;
				DEBUG_INFORMATION_FORMAT = "dwarf-with-dsym";
				ENABLE_NS_ASSERTIONS = NO;
				ENABLE_STRICT_OBJC_MSGSEND = YES;
				ENABLE_USER_SCRIPT_SANDBOXING = YES;
				GCC_C_LANGUAGE_STANDARD = gnu17;
				GCC_NO_COMMON_BLOCKS = YES;
				GCC_WARN_64_TO_32_BIT_CONVERSION = YES;
				GCC_WARN_ABOUT_RETURN_TYPE = YES_ERROR;
				GCC_WARN_UNDECLARED_SELECTOR = YES;
				GCC_WARN_UNINITIALIZED_AUTOS = YES_AGGRESSIVE;
				GCC_WARN_UNUSED_FUNCTION = YES;
				GCC_WARN_UNUSED_VARIABLE = YES;
				IPHONEOS_DEPLOYMENT_TARGET = 17.4;
				LOCALIZATION_PREFERS_STRING_CATALOGS = YES;
				MTL_ENABLE_DEBUG_INFO = NO;
				MTL_FAST_MATH = YES;
				SDKROOT = iphoneos;
				SWIFT_COMPILATION_MODE = wholemodule;
				VALIDATE_PRODUCT = YES;
			};
			name = Release;
		};
		B1DC39762B9FB07B002106EB /* Debug */ = {
			isa = XCBuildConfiguration;
			buildSettings = {
				ASSETCATALOG_COMPILER_APPICON_NAME = AppIcon;
				ASSETCATALOG_COMPILER_GLOBAL_ACCENT_COLOR_NAME = AccentColor;
				CODE_SIGN_STYLE = Automatic;
				CURRENT_PROJECT_VERSION = 1;
				DEVELOPMENT_ASSET_PATHS = "\"upgraded-couscous/Preview Content\"";
				DEVELOPMENT_TEAM = 6W56PZLJZG;
				ENABLE_PREVIEWS = YES;
				GENERATE_INFOPLIST_FILE = YES;
				INFOPLIST_KEY_UIApplicationSceneManifest_Generation = YES;
				INFOPLIST_KEY_UIApplicationSupportsIndirectInputEvents = YES;
				INFOPLIST_KEY_UILaunchScreen_Generation = YES;
				INFOPLIST_KEY_UISupportedInterfaceOrientations_iPad = "UIInterfaceOrientationPortrait UIInterfaceOrientationPortraitUpsideDown UIInterfaceOrientationLandscapeLeft UIInterfaceOrientationLandscapeRight";
				INFOPLIST_KEY_UISupportedInterfaceOrientations_iPhone = "UIInterfaceOrientationPortrait UIInterfaceOrientationLandscapeLeft UIInterfaceOrientationLandscapeRight";
				LD_RUNPATH_SEARCH_PATHS = (
					"$(inherited)",
					"@executable_path/Frameworks",
				);
				MARKETING_VERSION = 1.0;
				PRODUCT_BUNDLE_IDENTIFIER = "com.pjb.den.upgraded-couscous";
				PRODUCT_NAME = "$(TARGET_NAME)";
				SWIFT_EMIT_LOC_STRINGS = YES;
				SWIFT_VERSION = 5.0;
				TARGETED_DEVICE_FAMILY = "1,2";
			};
			name = Debug;
		};
		B1DC39772B9FB07B002106EB /* Release */ = {
			isa = XCBuildConfiguration;
			buildSettings = {
				ASSETCATALOG_COMPILER_APPICON_NAME = AppIcon;
				ASSETCATALOG_COMPILER_GLOBAL_ACCENT_COLOR_NAME = AccentColor;
				CODE_SIGN_STYLE = Automatic;
				CURRENT_PROJECT_VERSION = 1;
				DEVELOPMENT_ASSET_PATHS = "\"upgraded-couscous/Preview Content\"";
				DEVELOPMENT_TEAM = 6W56PZLJZG;
				ENABLE_PREVIEWS = YES;
				GENERATE_INFOPLIST_FILE = YES;
				INFOPLIST_KEY_UIApplicationSceneManifest_Generation = YES;
				INFOPLIST_KEY_UIApplicationSupportsIndirectInputEvents = YES;
				INFOPLIST_KEY_UILaunchScreen_Generation = YES;
				INFOPLIST_KEY_UISupportedInterfaceOrientations_iPad = "UIInterfaceOrientationPortrait UIInterfaceOrientationPortraitUpsideDown UIInterfaceOrientationLandscapeLeft UIInterfaceOrientationLandscapeRight";
				INFOPLIST_KEY_UISupportedInterfaceOrientations_iPhone = "UIInterfaceOrientationPortrait UIInterfaceOrientationLandscapeLeft UIInterfaceOrientationLandscapeRight";
				LD_RUNPATH_SEARCH_PATHS = (
					"$(inherited)",
					"@executable_path/Frameworks",
				);
				MARKETING_VERSION = 1.0;
				PRODUCT_BUNDLE_IDENTIFIER = "com.pjb.den.upgraded-couscous";
				PRODUCT_NAME = "$(TARGET_NAME)";
				SWIFT_EMIT_LOC_STRINGS = YES;
				SWIFT_VERSION = 5.0;
				TARGETED_DEVICE_FAMILY = "1,2";
			};
			name = Release;
		};
/* End XCBuildConfiguration section */

/* Begin XCConfigurationList section */
		B1DC39622B9FB07B002106EB /* Build configuration list for PBXProject "upgraded-couscous" */ = {
			isa = XCConfigurationList;
			buildConfigurations = (
				B1DC39732B9FB07B002106EB /* Debug */,
				B1DC39742B9FB07B002106EB /* Release */,
			);
			defaultConfigurationIsVisible = 0;
			defaultConfigurationName = Release;
		};
		B1DC39752B9FB07B002106EB /* Build configuration list for PBXNativeTarget "upgraded-couscous" */ = {
			isa = XCConfigurationList;
			buildConfigurations = (
				B1DC39762B9FB07B002106EB /* Debug */,
				B1DC39772B9FB07B002106EB /* Release */,
			);
			defaultConfigurationIsVisible = 0;
			defaultConfigurationName = Release;
		};
/* End XCConfigurationList section */

/* Begin XCRemoteSwiftPackageReference section */
		B1DC39882B9FB4BA002106EB /* XCRemoteSwiftPackageReference "firebase-ios-sdk" */ = {
			isa = XCRemoteSwiftPackageReference;
			repositoryURL = "https://github.com/firebase/firebase-ios-sdk";
			requirement = {
				kind = upToNextMajorVersion;
				minimumVersion = 10.22.1;
			};
		};
/* End XCRemoteSwiftPackageReference section */

/* Begin XCSwiftPackageProductDependency section */
		B1DC39892B9FB4BA002106EB /* FirebaseAuth */ = {
			isa = XCSwiftPackageProductDependency;
			package = B1DC39882B9FB4BA002106EB /* XCRemoteSwiftPackageReference "firebase-ios-sdk" */;
			productName = FirebaseAuth;
		};
		B1DC398B2B9FB4BA002106EB /* FirebaseFirestore */ = {
			isa = XCSwiftPackageProductDependency;
			package = B1DC39882B9FB4BA002106EB /* XCRemoteSwiftPackageReference "firebase-ios-sdk" */;
			productName = FirebaseFirestore;
		};
		B1DC398D2B9FB4BA002106EB /* FirebaseStorage */ = {
			isa = XCSwiftPackageProductDependency;
			package = B1DC39882B9FB4BA002106EB /* XCRemoteSwiftPackageReference "firebase-ios-sdk" */;
			productName = FirebaseStorage;
		};
/* End XCSwiftPackageProductDependency section */
	};
	rootObject = B1DC395F2B9FB07B002106EB /* Project object */;
}
